---
lockfileVersion: '9.0'

importers:

  .:
    configDependencies: {}
    packageManagerDependencies:
      '@pnpm/exe':
        specifier: ^11.5.2
        version: 11.5.2
      pnpm:
        specifier: ^11.5.2
        version: 11.5.2

packages:

  '@pnpm/exe@11.5.2':
    resolution: {integrity: sha512-4UFnP2rhNu1xjAQ+I1GdIUUEtCJuTYJlbpiWSFA4POAID3Lpt+2vrjImWO7eOJ7iCY3vpc4TFe2IW3sAolW4Kg==}
    hasBin: true

  '@pnpm/linux-arm64@11.5.2':
    resolution: {integrity: sha512-MbJySnu2y9cCBqlODLjUlZ87JnRC3Inq40rvGHWJSrSQ0PnuHeSw2NDMnLI8Hf9hCY+ooussRc5iiR4IAkjUvg==}
    cpu: [arm64]
    os: [linux]

  '@pnpm/linux-x64@11.5.2':
    resolution: {integrity: sha512-g6g2BGpQA47wUACy6B1MdeSHPtnl6x4AeCg0IOWQ7xXorEtC+VRiSHhLpA5kByFGeSwyYh/nLc7mLul5DAaELw==}
    cpu: [x64]
    os: [linux]

  '@pnpm/linuxstatic-arm64@11.5.2':
    resolution: {integrity: sha512-xTxs9BLxYW39BPNGnmvYCUBnMPWm4mzmzujmdYbpRxDnBXrx55qPR5K/3LSohX7VrmsdDrYxuH6AmG1AaOlIfA==}
    cpu: [arm64]
    os: [linux]
    libc: [musl]

  '@pnpm/linuxstatic-x64@11.5.2':
    resolution: {integrity: sha512-RGmmc/SoGLD90gmOHcU85UEKNoNRstLvizli4wzDASmETz/VeqJOqU5nD1YBgjzcP72sUMS352dh4bmzTfKyvQ==}
    cpu: [x64]
    os: [linux]
    libc: [musl]

  '@pnpm/macos-arm64@11.5.2':
    resolution: {integrity: sha512-gW3A2jRlC3SJRw8qX2SAzjMIu9o98daTSqCKzeeYcjF/uEbtbz3dn4HqYrYffBnenKbc4hsgZQmNOHAvUKIlSg==}
    cpu: [arm64]
    os: [darwin]

  '@pnpm/win-arm64@11.5.2':
    resolution: {integrity: sha512-+VJCDoH/pRzLXBikwjvxgAnGfQufT8EALBX8cfSmrwD40JABUZvgPtjBjde7OwEoK/XwtlH8w+ZceFV0K3/YHQ==}
    cpu: [arm64]
    os: [win32]

  '@pnpm/win-x64@11.5.2':
    resolution: {integrity: sha512-zgglREh75RbFgV/E0tNRS03ElX+hJOV43KRSSeaboxtj3ei1rrguxOgOCXUs/GsizoHVsuD+qXGABE4Kc4GMCg==}
    cpu: [x64]
    os: [win32]

  '@reflink/reflink-darwin-arm64@0.1.19':
    resolution: {integrity: sha512-ruy44Lpepdk1FqDz38vExBY/PVUsjxZA+chd9wozjUH9JjuDT/HEaQYA6wYN9mf041l0yLVar6BCZuWABJvHSA==}
    engines: {node: '>= 10'}
    cpu: [arm64]
    os: [darwin]

  '@reflink/reflink-darwin-x64@0.1.19':
    resolution: {integrity: sha512-By85MSWrMZa+c26TcnAy8SDk0sTUkYlNnwknSchkhHpGXOtjNDUOxJE9oByBnGbeuIE1PiQsxDG3Ud+IVV9yuA==}
    engines: {node: '>= 10'}
    cpu: [x64]
    os: [darwin]

  '@reflink/reflink-linux-arm64-gnu@0.1.19':
    resolution: {integrity: sha512-7P+er8+rP9iNeN+bfmccM4hTAaLP6PQJPKWSA4iSk2bNvo6KU6RyPgYeHxXmzNKzPVRcypZQTpFgstHam6maVg==}
    engines: {node: '>= 10'}
    cpu: [arm64]
    os: [linux]
    libc: [glibc]

  '@reflink/reflink-linux-arm64-musl@0.1.19':
    resolution: {integrity: sha512-37iO/Dp6m5DDaC2sf3zPtx/hl9FV3Xze4xoYidrxxS9bgP3S8ALroxRK6xBG/1TtfXKTvolvp+IjrUU6ujIGmA==}
    engines: {node: '>= 10'}
    cpu: [arm64]
    os: [linux]
    libc: [musl]

  '@reflink/reflink-linux-x64-gnu@0.1.19':
    resolution: {integrity: sha512-jbI8jvuYCaA3MVUdu8vLoLAFqC+iNMpiSuLbxlAgg7x3K5bsS8nOpTRnkLF7vISJ+rVR8W+7ThXlXlUQ93ulkw==}
    engines: {node: '>= 10'}
    cpu: [x64]
    os: [linux]
    libc: [glibc]

  '@reflink/reflink-linux-x64-musl@0.1.19':
    resolution: {integrity: sha512-e9FBWDe+lv7QKAwtKOt6A2W/fyy/aEEfr0g6j/hWzvQcrzHCsz07BNQYlNOjTfeytrtLU7k449H1PI95jA4OjQ==}
    engines: {node: '>= 10'}
    cpu: [x64]
    os: [linux]
    libc: [musl]

  '@reflink/reflink-win32-arm64-msvc@0.1.19':
    resolution: {integrity: sha512-09PxnVIQcd+UOn4WAW73WU6PXL7DwGS6wPlkMhMg2zlHHG65F3vHepOw06HFCq+N42qkaNAc8AKIabWvtk6cIQ==}
    engines: {node: '>= 10'}
    cpu: [arm64]
    os: [win32]

  '@reflink/reflink-win32-x64-msvc@0.1.19':
    resolution: {integrity: sha512-E//yT4ni2SyhwP8JRjVGWr3cbnhWDiPLgnQ66qqaanjjnMiu3O/2tjCPQXlcGc/DEYofpDc9fvhv6tALQsMV9w==}
    engines: {node: '>= 10'}
    cpu: [x64]
    os: [win32]

  '@reflink/reflink@0.1.19':
    resolution: {integrity: sha512-DmCG8GzysnCZ15bres3N5AHCmwBwYgp0As6xjhQ47rAUTUXxJiK+lLUxaGsX3hd/30qUpVElh05PbGuxRPgJwA==}
    engines: {node: '>= 10'}

  detect-libc@2.1.2:
    resolution: {integrity: sha512-Btj2BOOO83o3WyH59e8MgXsxEQVcarkUOpEYrubB0urwnN10yQ364rsiByU11nZlqWYZm05i/of7io4mzihBtQ==}
    engines: {node: '>=8'}

  pnpm@11.5.2:
    resolution: {integrity: sha512-ccYx44IGbvwlYl1c8CkHXeB7YbN/bic1D72Esb2lhkyMGWetwoB3a0XDCnFcA1mjvgj+9C1bsJ4rmQKZeWkpFg==}
    engines: {node: '>=22.13'}
    hasBin: true

snapshots:

  '@pnpm/exe@11.5.2':
    dependencies:
      '@reflink/reflink': 0.1.19
      detect-libc: 2.1.2
    optionalDependencies:
      '@pnpm/linux-arm64': 11.5.2
      '@pnpm/linux-x64': 11.5.2
      '@pnpm/linuxstatic-arm64': 11.5.2
      '@pnpm/linuxstatic-x64': 11.5.2
      '@pnpm/macos-arm64': 11.5.2
      '@pnpm/win-arm64': 11.5.2
      '@pnpm/win-x64': 11.5.2

  '@pnpm/linux-arm64@11.5.2':
    optional: true

  '@pnpm/linux-x64@11.5.2':
    optional: true

  '@pnpm/linuxstatic-arm64@11.5.2':
    optional: true

  '@pnpm/linuxstatic-x64@11.5.2':
    optional: true

  '@pnpm/macos-arm64@11.5.2':
    optional: true

  '@pnpm/win-arm64@11.5.2':
    optional: true

  '@pnpm/win-x64@11.5.2':
    optional: true

  '@reflink/reflink-darwin-arm64@0.1.19':
    optional: true

  '@reflink/reflink-darwin-x64@0.1.19':
    optional: true

  '@reflink/reflink-linux-arm64-gnu@0.1.19':
    optional: true

  '@reflink/reflink-linux-arm64-musl@0.1.19':
    optional: true

  '@reflink/reflink-linux-x64-gnu@0.1.19':
    optional: true

  '@reflink/reflink-linux-x64-musl@0.1.19':
    optional: true

  '@reflink/reflink-win32-arm64-msvc@0.1.19':
    optional: true

  '@reflink/reflink-win32-x64-msvc@0.1.19':
    optional: true

  '@reflink/reflink@0.1.19':
    optionalDependencies:
      '@reflink/reflink-darwin-arm64': 0.1.19
      '@reflink/reflink-darwin-x64': 0.1.19
      '@reflink/reflink-linux-arm64-gnu': 0.1.19
      '@reflink/reflink-linux-arm64-musl': 0.1.19
      '@reflink/reflink-linux-x64-gnu': 0.1.19
      '@reflink/reflink-linux-x64-musl': 0.1.19
      '@reflink/reflink-win32-arm64-msvc': 0.1.19
      '@reflink/reflink-win32-x64-msvc': 0.1.19

  detect-libc@2.1.2: {}

  pnpm@11.5.2: {}

---
lockfileVersion: '9.0'

settings:
  autoInstallPeers: true
  excludeLinksFromLockfile: false

importers:

  .:
    dependencies:
      dotenv:
        specifier: ^17.4.2
        version: 17.4.2
      openai:
        specifier: ^6.42.0
        version: 6.42.0

packages:

  dotenv@17.4.2:
    resolution: {integrity: sha512-nI4U3TottKAcAD9LLud4Cb7b2QztQMUEfHbvhTH09bqXTxnSie8WnjPALV/WMCrJZ6UV/qHJ6L03OqO3LcdYZw==}
    engines: {node: '>=12'}

  openai@6.42.0:
    resolution: {integrity: sha512-1WFEt/uXMXOLhYRNkgJWo08Y2YNvNwpVU72K7ibrWgWpNOXd4VojXLbe6SQ4bLiUQ3Y8jz4IiyVkylJCL1DtZg==}
    peerDependencies:
      ws: ^8.18.0
      zod: ^3.25 || ^4.0
    peerDependenciesMeta:
      ws:
        optional: true
      zod:
        optional: true

snapshots:

  dotenv@17.4.2: {}

  openai@6.42.0: {}
